// !$*UTF8*$!
{
	archiveVersion = 1;
	classes = {
	};
	objectVersion = 56;
	objects = {

/* Begin PBXBuildFile section */
		480442F82B1811D400E5C70B /* Tabman in Frameworks */ = {isa = PBXBuildFile; productRef = 480442F72B1811D400E5C70B /* Tabman */; };
		480442FE2B18126200E5C70B /* JoinedTourViewController.swift in Sources */ = {isa = PBXBuildFile; fileRef = 480442FD2B18126200E5C70B /* JoinedTourViewController.swift */; };
		480443002B18126C00E5C70B /* MyTourViewController.swift in Sources */ = {isa = PBXBuildFile; fileRef = 480442FF2B18126C00E5C70B /* MyTourViewController.swift */; };
		480443022B18132800E5C70B /* CALayer+Extension.swift in Sources */ = {isa = PBXBuildFile; fileRef = 480443012B18132800E5C70B /* CALayer+Extension.swift */; };
		480443042B18133F00E5C70B /* UITabBar+Extension.swift in Sources */ = {isa = PBXBuildFile; fileRef = 480443032B18133F00E5C70B /* UITabBar+Extension.swift */; };
		4818C8D12B105C8300BC8F02 /* ResultNetwork.swift in Sources */ = {isa = PBXBuildFile; fileRef = 4818C8D02B105C8300BC8F02 /* ResultNetwork.swift */; };
		4818C8D32B106E4000BC8F02 /* LoginCheckLoginLabel.swift in Sources */ = {isa = PBXBuildFile; fileRef = 4818C8D22B106E4000BC8F02 /* LoginCheckLoginLabel.swift */; };
		4818C8D62B10721100BC8F02 /* TestJSONtoString.swift in Sources */ = {isa = PBXBuildFile; fileRef = 4818C8D52B10721100BC8F02 /* TestJSONtoString.swift */; };
		4818C8D82B10870F00BC8F02 /* MakeTourViewModel.swift in Sources */ = {isa = PBXBuildFile; fileRef = 4818C8D72B10870F00BC8F02 /* MakeTourViewModel.swift */; };
		484059572B1D909E006A8AAC /* DetailTourViewController.swift in Sources */ = {isa = PBXBuildFile; fileRef = 484059562B1D909E006A8AAC /* DetailTourViewController.swift */; };
		484059592B1D90A4006A8AAC /* DetailTourView.swift in Sources */ = {isa = PBXBuildFile; fileRef = 484059582B1D90A4006A8AAC /* DetailTourView.swift */; };
		4840595B2B1D90AB006A8AAC /* DetailTourViewModel.swift in Sources */ = {isa = PBXBuildFile; fileRef = 4840595A2B1D90AB006A8AAC /* DetailTourViewModel.swift */; };
		4840595D2B1D9703006A8AAC /* DetailTourSwipeImageCollectionViewCell.swift in Sources */ = {isa = PBXBuildFile; fileRef = 4840595C2B1D9703006A8AAC /* DetailTourSwipeImageCollectionViewCell.swift */; };
		4840595F2B1DA464006A8AAC /* DetailTourCategoryCollectionViewCell.swift in Sources */ = {isa = PBXBuildFile; fileRef = 4840595E2B1DA464006A8AAC /* DetailTourCategoryCollectionViewCell.swift */; };
		484059612B1DA710006A8AAC /* ContentsTourTitleLabel.swift in Sources */ = {isa = PBXBuildFile; fileRef = 484059602B1DA710006A8AAC /* ContentsTourTitleLabel.swift */; };
		484059632B1DA719006A8AAC /* ContentsTourProfileNameLabel.swift in Sources */ = {isa = PBXBuildFile; fileRef = 484059622B1DA719006A8AAC /* ContentsTourProfileNameLabel.swift */; };
		484059662B1DAAC8006A8AAC /* TourTypeInfo.swift in Sources */ = {isa = PBXBuildFile; fileRef = 484059652B1DAAC8006A8AAC /* TourTypeInfo.swift */; };
		484059682B1DAAF2006A8AAC /* DetailTourInfoView.swift in Sources */ = {isa = PBXBuildFile; fileRef = 484059672B1DAAF2006A8AAC /* DetailTourInfoView.swift */; };
		4840596A2B1E01BA006A8AAC /* DetailTourBottomView.swift in Sources */ = {isa = PBXBuildFile; fileRef = 484059692B1E01BA006A8AAC /* DetailTourBottomView.swift */; };
		48405B4B2B16044E00B3144F /* Kingfisher in Frameworks */ = {isa = PBXBuildFile; productRef = 48405B4A2B16044E00B3144F /* Kingfisher */; };
		48405B4E2B16108200B3144F /* AlamofireImage in Frameworks */ = {isa = PBXBuildFile; productRef = 48405B4D2B16108200B3144F /* AlamofireImage */; };
		4847115C2B0DD46A00C68490 /* APIModel.swift in Sources */ = {isa = PBXBuildFile; fileRef = 4847115B2B0DD46A00C68490 /* APIModel.swift */; };
		4847115E2B0DD56000C68490 /* APIManager.swift in Sources */ = {isa = PBXBuildFile; fileRef = 4847115D2B0DD56000C68490 /* APIManager.swift */; };
		484711612B0DD59A00C68490 /* Alamofire in Frameworks */ = {isa = PBXBuildFile; productRef = 484711602B0DD59A00C68490 /* Alamofire */; };
		484711632B0E1CE100C68490 /* Gender.swift in Sources */ = {isa = PBXBuildFile; fileRef = 484711622B0E1CE100C68490 /* Gender.swift */; };
		484711682B0E2B8600C68490 /* ErrorEnum.swift in Sources */ = {isa = PBXBuildFile; fileRef = 484711672B0E2B8600C68490 /* ErrorEnum.swift */; };
		4847116A2B0E2FF700C68490 /* Router.swift in Sources */ = {isa = PBXBuildFile; fileRef = 484711692B0E2FF700C68490 /* Router.swift */; };
		48474C082B0F712A00B73261 /* RouterAPIManager.swift in Sources */ = {isa = PBXBuildFile; fileRef = 48474C072B0F712A00B73261 /* RouterAPIManager.swift */; };
		484C85A22B1628C90052B247 /* ImageCacheManager.swift in Sources */ = {isa = PBXBuildFile; fileRef = 484C85A12B1628C90052B247 /* ImageCacheManager.swift */; };
		484C85A52B162C360052B247 /* SkeletonView in Frameworks */ = {isa = PBXBuildFile; productRef = 484C85A42B162C360052B247 /* SkeletonView */; };
		4867323D2B0C8D1F00BC24A4 /* StartViewController.swift in Sources */ = {isa = PBXBuildFile; fileRef = 4867323C2B0C8D1F00BC24A4 /* StartViewController.swift */; };
		4867323F2B0C8E9300BC24A4 /* SignUpViewModel.swift in Sources */ = {isa = PBXBuildFile; fileRef = 4867323E2B0C8E9300BC24A4 /* SignUpViewModel.swift */; };
		486732422B0C8EA900BC24A4 /* RxCocoa in Frameworks */ = {isa = PBXBuildFile; productRef = 486732412B0C8EA900BC24A4 /* RxCocoa */; };
		486732442B0C8EA900BC24A4 /* RxSwift in Frameworks */ = {isa = PBXBuildFile; productRef = 486732432B0C8EA900BC24A4 /* RxSwift */; };
		486732462B0C8EBD00BC24A4 /* BaseViewModelType.swift in Sources */ = {isa = PBXBuildFile; fileRef = 486732452B0C8EBD00BC24A4 /* BaseViewModelType.swift */; };
		486732492B0C903D00BC24A4 /* ValidEmail.swift in Sources */ = {isa = PBXBuildFile; fileRef = 486732482B0C903D00BC24A4 /* ValidEmail.swift */; };
		4867324B2B0C938E00BC24A4 /* SignUpCheckEmailLabel.swift in Sources */ = {isa = PBXBuildFile; fileRef = 4867324A2B0C938E00BC24A4 /* SignUpCheckEmailLabel.swift */; };
		4867324D2B0C9BCF00BC24A4 /* ValidPW.swift in Sources */ = {isa = PBXBuildFile; fileRef = 4867324C2B0C9BCF00BC24A4 /* ValidPW.swift */; };
		4867324F2B0CA13300BC24A4 /* SignUpCheckPWLabel.swift in Sources */ = {isa = PBXBuildFile; fileRef = 4867324E2B0CA13300BC24A4 /* SignUpCheckPWLabel.swift */; };
		486732512B0CA36300BC24A4 /* ValidNickname.swift in Sources */ = {isa = PBXBuildFile; fileRef = 486732502B0CA36300BC24A4 /* ValidNickname.swift */; };
		486732542B0CA38100BC24A4 /* .gitignore in Resources */ = {isa = PBXBuildFile; fileRef = 486732532B0CA38100BC24A4 /* .gitignore */; };
		486732572B0CA3E200BC24A4 /* APIKey.swift in Sources */ = {isa = PBXBuildFile; fileRef = 486732562B0CA3E200BC24A4 /* APIKey.swift */; };
		486732592B0CA53000BC24A4 /* SignUpCheckNicknameLabel.swift in Sources */ = {isa = PBXBuildFile; fileRef = 486732582B0CA53000BC24A4 /* SignUpCheckNicknameLabel.swift */; };
		4867325B2B0CBCD600BC24A4 /* ValidBirthday.swift in Sources */ = {isa = PBXBuildFile; fileRef = 4867325A2B0CBCD600BC24A4 /* ValidBirthday.swift */; };
		4867325D2B0CBD5400BC24A4 /* SignUpCheckBirthdayLabel.swift in Sources */ = {isa = PBXBuildFile; fileRef = 4867325C2B0CBD5400BC24A4 /* SignUpCheckBirthdayLabel.swift */; };
		486A9FFD2B12BCC600CB5179 /* SelectDateViewController.swift in Sources */ = {isa = PBXBuildFile; fileRef = 486A9FFC2B12BCC600CB5179 /* SelectDateViewController.swift */; };
		486AA0002B12BDB100CB5179 /* FSCalendar in Frameworks */ = {isa = PBXBuildFile; productRef = 486A9FFF2B12BDB100CB5179 /* FSCalendar */; };
		486AA0022B12BE0600CB5179 /* SelectDateView.swift in Sources */ = {isa = PBXBuildFile; fileRef = 486AA0012B12BE0600CB5179 /* SelectDateView.swift */; };
		486AA0042B12C25700CB5179 /* DateFormatType.swift in Sources */ = {isa = PBXBuildFile; fileRef = 486AA0032B12C25700CB5179 /* DateFormatType.swift */; };
		486AA0062B12C2E100CB5179 /* Date<->String.swift in Sources */ = {isa = PBXBuildFile; fileRef = 486AA0052B12C2E100CB5179 /* Date<->String.swift */; };
		486AA0082B12C30B00CB5179 /* Date+Extension.swift in Sources */ = {isa = PBXBuildFile; fileRef = 486AA0072B12C30B00CB5179 /* Date+Extension.swift */; };
		486AA00C2B12CFFE00CB5179 /* MakeTourDatesView.swift in Sources */ = {isa = PBXBuildFile; fileRef = 486AA00B2B12CFFE00CB5179 /* MakeTourDatesView.swift */; };
		486AA00E2B12D51600CB5179 /* SelectTourInfoDelegate.swift in Sources */ = {isa = PBXBuildFile; fileRef = 486AA00D2B12D51600CB5179 /* SelectTourInfoDelegate.swift */; };
		486AA0112B12D60600CB5179 /* SelectLocationViewController.swift in Sources */ = {isa = PBXBuildFile; fileRef = 486AA0102B12D60600CB5179 /* SelectLocationViewController.swift */; };
		486AA0132B13065200CB5179 /* MakeTourPriceView.swift in Sources */ = {isa = PBXBuildFile; fileRef = 486AA0122B13065200CB5179 /* MakeTourPriceView.swift */; };
		486AA0162B131E0300CB5179 /* BaseCollectionViewCell.swift in Sources */ = {isa = PBXBuildFile; fileRef = 486AA0152B131E0300CB5179 /* BaseCollectionViewCell.swift */; };
		486AA0182B131E4C00CB5179 /* MakeTourImageCollectionViewCell.swift in Sources */ = {isa = PBXBuildFile; fileRef = 486AA0172B131E4C00CB5179 /* MakeTourImageCollectionViewCell.swift */; };
		486AA01A2B1338A800CB5179 /* UIImage+Extension.swift in Sources */ = {isa = PBXBuildFile; fileRef = 486AA0192B1338A800CB5179 /* UIImage+Extension.swift */; };
		4877860D2B0B29F60091661F /* AppDelegate.swift in Sources */ = {isa = PBXBuildFile; fileRef = 4877860C2B0B29F60091661F /* AppDelegate.swift */; };
		4877860F2B0B29F60091661F /* SceneDelegate.swift in Sources */ = {isa = PBXBuildFile; fileRef = 4877860E2B0B29F60091661F /* SceneDelegate.swift */; };
		487786112B0B29F60091661F /* ViewController.swift in Sources */ = {isa = PBXBuildFile; fileRef = 487786102B0B29F60091661F /* ViewController.swift */; };
		487786162B0B29F70091661F /* Assets.xcassets in Resources */ = {isa = PBXBuildFile; fileRef = 487786152B0B29F70091661F /* Assets.xcassets */; };
		487786192B0B29F70091661F /* LaunchScreen.storyboard in Resources */ = {isa = PBXBuildFile; fileRef = 487786172B0B29F70091661F /* LaunchScreen.storyboard */; };
		487786252B0B2A820091661F /* SignUpViewController.swift in Sources */ = {isa = PBXBuildFile; fileRef = 487786242B0B2A820091661F /* SignUpViewController.swift */; };
		487786282B0B2AA50091661F /* BaseViewController.swift in Sources */ = {isa = PBXBuildFile; fileRef = 487786272B0B2AA50091661F /* BaseViewController.swift */; };
		4877862A2B0B2CEF0091661F /* BaseView.swift in Sources */ = {isa = PBXBuildFile; fileRef = 487786292B0B2CEF0091661F /* BaseView.swift */; };
		4877862D2B0B2F5A0091661F /* SignUpSmallLabel.swift in Sources */ = {isa = PBXBuildFile; fileRef = 4877862C2B0B2F5A0091661F /* SignUpSmallLabel.swift */; };
		487786302B0B309F0091661F /* SnapKit in Frameworks */ = {isa = PBXBuildFile; productRef = 4877862F2B0B309F0091661F /* SnapKit */; };
		487786322B0B31730091661F /* SignUpTextField.swift in Sources */ = {isa = PBXBuildFile; fileRef = 487786312B0B31730091661F /* SignUpTextField.swift */; };
		487786352B0B32A50091661F /* ConstantColor.swift in Sources */ = {isa = PBXBuildFile; fileRef = 487786342B0B32A50091661F /* ConstantColor.swift */; };
		487786382B0B32B10091661F /* UIColor+Extension.swift in Sources */ = {isa = PBXBuildFile; fileRef = 487786372B0B32B10091661F /* UIColor+Extension.swift */; };
		4877863B2B0B35A20091661F /* SignUpSmallButton.swift in Sources */ = {isa = PBXBuildFile; fileRef = 4877863A2B0B35A20091661F /* SignUpSmallButton.swift */; };
		4877863D2B0B378C0091661F /* SignUpGenderSegmentControl.swift in Sources */ = {isa = PBXBuildFile; fileRef = 4877863C2B0B378C0091661F /* SignUpGenderSegmentControl.swift */; };
		4877863F2B0B3ADA0091661F /* SignUpView.swift in Sources */ = {isa = PBXBuildFile; fileRef = 4877863E2B0B3ADA0091661F /* SignUpView.swift */; };
		487786412B0B43AD0091661F /* SignUpCompleteButton.swift in Sources */ = {isa = PBXBuildFile; fileRef = 487786402B0B43AD0091661F /* SignUpCompleteButton.swift */; };
		487786442B0B47C30091661F /* MakeTourViewController.swift in Sources */ = {isa = PBXBuildFile; fileRef = 487786432B0B47C30091661F /* MakeTourViewController.swift */; };
		487786462B0B47D30091661F /* MakeTourView.swift in Sources */ = {isa = PBXBuildFile; fileRef = 487786452B0B47D30091661F /* MakeTourView.swift */; };
		487786492B0B4A330091661F /* MakeTourTextView.swift in Sources */ = {isa = PBXBuildFile; fileRef = 487786482B0B4A330091661F /* MakeTourTextView.swift */; };
		4877864B2B0B4B110091661F /* MakeTourPeopleCountView.swift in Sources */ = {isa = PBXBuildFile; fileRef = 4877864A2B0B4B110091661F /* MakeTourPeopleCountView.swift */; };
		48AC063A2B15B3DA00B73B79 /* SubTourCollectionViewCell.swift in Sources */ = {isa = PBXBuildFile; fileRef = 48AC06392B15B3DA00B73B79 /* SubTourCollectionViewCell.swift */; };
		48AC063C2B15B88E00B73B79 /* ContentsCategoryButton.swift in Sources */ = {isa = PBXBuildFile; fileRef = 48AC063B2B15B88E00B73B79 /* ContentsCategoryButton.swift */; };
		48ADEE342B18658400B1B95E /* MyTourView.swift in Sources */ = {isa = PBXBuildFile; fileRef = 48ADEE332B18658400B1B95E /* MyTourView.swift */; };
		48ADEE362B18660F00B1B95E /* UIView+Extension.swift in Sources */ = {isa = PBXBuildFile; fileRef = 48ADEE352B18660F00B1B95E /* UIView+Extension.swift */; };
		48ADEE382B1866AF00B1B95E /* MyTourViewModel.swift in Sources */ = {isa = PBXBuildFile; fileRef = 48ADEE372B1866AF00B1B95E /* MyTourViewModel.swift */; };
		48ADEE3A2B1892C500B1B95E /* UIButton+Extension.swift in Sources */ = {isa = PBXBuildFile; fileRef = 48ADEE392B1892C500B1B95E /* UIButton+Extension.swift */; };
		48ADEE3C2B189D4700B1B95E /* Reactive+Extension.swift in Sources */ = {isa = PBXBuildFile; fileRef = 48ADEE3B2B189D4700B1B95E /* Reactive+Extension.swift */; };
		48ADEE3E2B18A23000B1B95E /* TourCategoryType.swift in Sources */ = {isa = PBXBuildFile; fileRef = 48ADEE3D2B18A23000B1B95E /* TourCategoryType.swift */; };
		48B7CC072B1451FB00AD854F /* SwiftKeychainWrapper in Frameworks */ = {isa = PBXBuildFile; productRef = 48B7CC062B1451FB00AD854F /* SwiftKeychainWrapper */; };
		48B7CC0A2B1452FB00AD854F /* KeychainStorage.swift in Sources */ = {isa = PBXBuildFile; fileRef = 48B7CC092B1452FB00AD854F /* KeychainStorage.swift */; };
		48B7CC0C2B145EDD00AD854F /* APIRequestInterceptor.swift in Sources */ = {isa = PBXBuildFile; fileRef = 48B7CC0B2B145EDD00AD854F /* APIRequestInterceptor.swift */; };
		48B7CC0F2B14835500AD854F /* ContentsViewController.swift in Sources */ = {isa = PBXBuildFile; fileRef = 48B7CC0E2B14835500AD854F /* ContentsViewController.swift */; };
		48B7CC112B14836800AD854F /* ContentsViewModel.swift in Sources */ = {isa = PBXBuildFile; fileRef = 48B7CC102B14836800AD854F /* ContentsViewModel.swift */; };
		48B7CC132B14836D00AD854F /* ContentsView.swift in Sources */ = {isa = PBXBuildFile; fileRef = 48B7CC122B14836D00AD854F /* ContentsView.swift */; };
		48B7CC152B14841E00AD854F /* AboutTourCollectionViewCell.swift in Sources */ = {isa = PBXBuildFile; fileRef = 48B7CC142B14841D00AD854F /* AboutTourCollectionViewCell.swift */; };
		48B7CC182B14C16200AD854F /* ContentsTourInfoView.swift in Sources */ = {isa = PBXBuildFile; fileRef = 48B7CC172B14C16200AD854F /* ContentsTourInfoView.swift */; };
		48B7CC1A2B14C82600AD854F /* ContentsProfileImageView.swift in Sources */ = {isa = PBXBuildFile; fileRef = 48B7CC192B14C82600AD854F /* ContentsProfileImageView.swift */; };
		48BCD9CC2B1E03FF004E8838 /* DetailTourApplyButton.swift in Sources */ = {isa = PBXBuildFile; fileRef = 48BCD9CB2B1E03FF004E8838 /* DetailTourApplyButton.swift */; };
		48BCD9CE2B1E0EAD004E8838 /* DetailTourDotLineView.swift in Sources */ = {isa = PBXBuildFile; fileRef = 48BCD9CD2B1E0EAD004E8838 /* DetailTourDotLineView.swift */; };
		48F006B92B16F1B400DB1FC1 /* UIImageView+Extension.swift in Sources */ = {isa = PBXBuildFile; fileRef = 48F006B82B16F1B400DB1FC1 /* UIImageView+Extension.swift */; };
		48F006BB2B16F7E600DB1FC1 /* UIViewController+Extension.swift in Sources */ = {isa = PBXBuildFile; fileRef = 48F006BA2B16F7E600DB1FC1 /* UIViewController+Extension.swift */; };
		48F006BE2B17194400DB1FC1 /* ProfileView.swift in Sources */ = {isa = PBXBuildFile; fileRef = 48F006BD2B17194400DB1FC1 /* ProfileView.swift */; };
		48F006C02B17194C00DB1FC1 /* ProfileViewController.swift in Sources */ = {isa = PBXBuildFile; fileRef = 48F006BF2B17194C00DB1FC1 /* ProfileViewController.swift */; };
		48F006C22B17195100DB1FC1 /* ProfileViewModel.swift in Sources */ = {isa = PBXBuildFile; fileRef = 48F006C12B17195100DB1FC1 /* ProfileViewModel.swift */; };
		48F006C72B17241D00DB1FC1 /* ProfileTopView.swift in Sources */ = {isa = PBXBuildFile; fileRef = 48F006C62B17241D00DB1FC1 /* ProfileTopView.swift */; };
		48F006CA2B172A6400DB1FC1 /* ProfileModifyButton.swift in Sources */ = {isa = PBXBuildFile; fileRef = 48F006C92B172A6400DB1FC1 /* ProfileModifyButton.swift */; };
		48F0A55A2B0F83A700859828 /* LoginViewController.swift in Sources */ = {isa = PBXBuildFile; fileRef = 48F0A5592B0F83A700859828 /* LoginViewController.swift */; };
		48F0A55C2B0F83AE00859828 /* LoginViewModel.swift in Sources */ = {isa = PBXBuildFile; fileRef = 48F0A55B2B0F83AE00859828 /* LoginViewModel.swift */; };
		48F0A55E2B0F83B300859828 /* LoginView.swift in Sources */ = {isa = PBXBuildFile; fileRef = 48F0A55D2B0F83B300859828 /* LoginView.swift */; };
/* End PBXBuildFile section */

/* Begin PBXFileReference section */
		480442FD2B18126200E5C70B /* JoinedTourViewController.swift */ = {isa = PBXFileReference; lastKnownFileType = sourcecode.swift; path = JoinedTourViewController.swift; sourceTree = "<group>"; };
		480442FF2B18126C00E5C70B /* MyTourViewController.swift */ = {isa = PBXFileReference; lastKnownFileType = sourcecode.swift; path = MyTourViewController.swift; sourceTree = "<group>"; };
		480443012B18132800E5C70B /* CALayer+Extension.swift */ = {isa = PBXFileReference; lastKnownFileType = sourcecode.swift; path = "CALayer+Extension.swift"; sourceTree = "<group>"; };
		480443032B18133F00E5C70B /* UITabBar+Extension.swift */ = {isa = PBXFileReference; lastKnownFileType = sourcecode.swift; path = "UITabBar+Extension.swift"; sourceTree = "<group>"; };
		4818C8D02B105C8300BC8F02 /* ResultNetwork.swift */ = {isa = PBXFileReference; lastKnownFileType = sourcecode.swift; path = ResultNetwork.swift; sourceTree = "<group>"; };
		4818C8D22B106E4000BC8F02 /* LoginCheckLoginLabel.swift */ = {isa = PBXFileReference; lastKnownFileType = sourcecode.swift; path = LoginCheckLoginLabel.swift; sourceTree = "<group>"; };
		4818C8D52B10721100BC8F02 /* TestJSONtoString.swift */ = {isa = PBXFileReference; lastKnownFileType = sourcecode.swift; path = TestJSONtoString.swift; sourceTree = "<group>"; };
		4818C8D72B10870F00BC8F02 /* MakeTourViewModel.swift */ = {isa = PBXFileReference; lastKnownFileType = sourcecode.swift; path = MakeTourViewModel.swift; sourceTree = "<group>"; };
		484059562B1D909E006A8AAC /* DetailTourViewController.swift */ = {isa = PBXFileReference; lastKnownFileType = sourcecode.swift; path = DetailTourViewController.swift; sourceTree = "<group>"; };
		484059582B1D90A4006A8AAC /* DetailTourView.swift */ = {isa = PBXFileReference; lastKnownFileType = sourcecode.swift; path = DetailTourView.swift; sourceTree = "<group>"; };
		4840595A2B1D90AB006A8AAC /* DetailTourViewModel.swift */ = {isa = PBXFileReference; lastKnownFileType = sourcecode.swift; path = DetailTourViewModel.swift; sourceTree = "<group>"; };
		4840595C2B1D9703006A8AAC /* DetailTourSwipeImageCollectionViewCell.swift */ = {isa = PBXFileReference; lastKnownFileType = sourcecode.swift; path = DetailTourSwipeImageCollectionViewCell.swift; sourceTree = "<group>"; };
		4840595E2B1DA464006A8AAC /* DetailTourCategoryCollectionViewCell.swift */ = {isa = PBXFileReference; lastKnownFileType = sourcecode.swift; path = DetailTourCategoryCollectionViewCell.swift; sourceTree = "<group>"; };
		484059602B1DA710006A8AAC /* ContentsTourTitleLabel.swift */ = {isa = PBXFileReference; lastKnownFileType = sourcecode.swift; path = ContentsTourTitleLabel.swift; sourceTree = "<group>"; };
		484059622B1DA719006A8AAC /* ContentsTourProfileNameLabel.swift */ = {isa = PBXFileReference; lastKnownFileType = sourcecode.swift; path = ContentsTourProfileNameLabel.swift; sourceTree = "<group>"; };
		484059652B1DAAC8006A8AAC /* TourTypeInfo.swift */ = {isa = PBXFileReference; lastKnownFileType = sourcecode.swift; path = TourTypeInfo.swift; sourceTree = "<group>"; };
		484059672B1DAAF2006A8AAC /* DetailTourInfoView.swift */ = {isa = PBXFileReference; lastKnownFileType = sourcecode.swift; path = DetailTourInfoView.swift; sourceTree = "<group>"; };
		484059692B1E01BA006A8AAC /* DetailTourBottomView.swift */ = {isa = PBXFileReference; lastKnownFileType = sourcecode.swift; path = DetailTourBottomView.swift; sourceTree = "<group>"; };
		4847115B2B0DD46A00C68490 /* APIModel.swift */ = {isa = PBXFileReference; lastKnownFileType = sourcecode.swift; path = APIModel.swift; sourceTree = "<group>"; };
		4847115D2B0DD56000C68490 /* APIManager.swift */ = {isa = PBXFileReference; lastKnownFileType = sourcecode.swift; path = APIManager.swift; sourceTree = "<group>"; };
		484711622B0E1CE100C68490 /* Gender.swift */ = {isa = PBXFileReference; lastKnownFileType = sourcecode.swift; path = Gender.swift; sourceTree = "<group>"; };
		484711672B0E2B8600C68490 /* ErrorEnum.swift */ = {isa = PBXFileReference; lastKnownFileType = sourcecode.swift; path = ErrorEnum.swift; sourceTree = "<group>"; };
		484711692B0E2FF700C68490 /* Router.swift */ = {isa = PBXFileReference; lastKnownFileType = sourcecode.swift; path = Router.swift; sourceTree = "<group>"; };
		48474C072B0F712A00B73261 /* RouterAPIManager.swift */ = {isa = PBXFileReference; lastKnownFileType = sourcecode.swift; path = RouterAPIManager.swift; sourceTree = "<group>"; };
		484C85A12B1628C90052B247 /* ImageCacheManager.swift */ = {isa = PBXFileReference; lastKnownFileType = sourcecode.swift; path = ImageCacheManager.swift; sourceTree = "<group>"; };
		4867323C2B0C8D1F00BC24A4 /* StartViewController.swift */ = {isa = PBXFileReference; lastKnownFileType = sourcecode.swift; path = StartViewController.swift; sourceTree = "<group>"; };
		4867323E2B0C8E9300BC24A4 /* SignUpViewModel.swift */ = {isa = PBXFileReference; lastKnownFileType = sourcecode.swift; path = SignUpViewModel.swift; sourceTree = "<group>"; };
		486732452B0C8EBD00BC24A4 /* BaseViewModelType.swift */ = {isa = PBXFileReference; lastKnownFileType = sourcecode.swift; path = BaseViewModelType.swift; sourceTree = "<group>"; };
		486732482B0C903D00BC24A4 /* ValidEmail.swift */ = {isa = PBXFileReference; lastKnownFileType = sourcecode.swift; path = ValidEmail.swift; sourceTree = "<group>"; };
		4867324A2B0C938E00BC24A4 /* SignUpCheckEmailLabel.swift */ = {isa = PBXFileReference; lastKnownFileType = sourcecode.swift; path = SignUpCheckEmailLabel.swift; sourceTree = "<group>"; };
		4867324C2B0C9BCF00BC24A4 /* ValidPW.swift */ = {isa = PBXFileReference; lastKnownFileType = sourcecode.swift; path = ValidPW.swift; sourceTree = "<group>"; };
		4867324E2B0CA13300BC24A4 /* SignUpCheckPWLabel.swift */ = {isa = PBXFileReference; lastKnownFileType = sourcecode.swift; path = SignUpCheckPWLabel.swift; sourceTree = "<group>"; };
		486732502B0CA36300BC24A4 /* ValidNickname.swift */ = {isa = PBXFileReference; lastKnownFileType = sourcecode.swift; path = ValidNickname.swift; sourceTree = "<group>"; };
		486732532B0CA38100BC24A4 /* .gitignore */ = {isa = PBXFileReference; lastKnownFileType = text; path = .gitignore; sourceTree = "<group>"; };
		486732562B0CA3E200BC24A4 /* APIKey.swift */ = {isa = PBXFileReference; lastKnownFileType = sourcecode.swift; path = APIKey.swift; sourceTree = "<group>"; };
		486732582B0CA53000BC24A4 /* SignUpCheckNicknameLabel.swift */ = {isa = PBXFileReference; lastKnownFileType = sourcecode.swift; path = SignUpCheckNicknameLabel.swift; sourceTree = "<group>"; };
		4867325A2B0CBCD600BC24A4 /* ValidBirthday.swift */ = {isa = PBXFileReference; lastKnownFileType = sourcecode.swift; path = ValidBirthday.swift; sourceTree = "<group>"; };
		4867325C2B0CBD5400BC24A4 /* SignUpCheckBirthdayLabel.swift */ = {isa = PBXFileReference; lastKnownFileType = sourcecode.swift; path = SignUpCheckBirthdayLabel.swift; sourceTree = "<group>"; };
		486A9FFC2B12BCC600CB5179 /* SelectDateViewController.swift */ = {isa = PBXFileReference; lastKnownFileType = sourcecode.swift; path = SelectDateViewController.swift; sourceTree = "<group>"; };
		486AA0012B12BE0600CB5179 /* SelectDateView.swift */ = {isa = PBXFileReference; lastKnownFileType = sourcecode.swift; path = SelectDateView.swift; sourceTree = "<group>"; };
		486AA0032B12C25700CB5179 /* DateFormatType.swift */ = {isa = PBXFileReference; lastKnownFileType = sourcecode.swift; path = DateFormatType.swift; sourceTree = "<group>"; };
		486AA0052B12C2E100CB5179 /* Date<->String.swift */ = {isa = PBXFileReference; lastKnownFileType = sourcecode.swift; path = "Date<->String.swift"; sourceTree = "<group>"; };
		486AA0072B12C30B00CB5179 /* Date+Extension.swift */ = {isa = PBXFileReference; lastKnownFileType = sourcecode.swift; path = "Date+Extension.swift"; sourceTree = "<group>"; };
		486AA00B2B12CFFE00CB5179 /* MakeTourDatesView.swift */ = {isa = PBXFileReference; lastKnownFileType = sourcecode.swift; path = MakeTourDatesView.swift; sourceTree = "<group>"; };
		486AA00D2B12D51600CB5179 /* SelectTourInfoDelegate.swift */ = {isa = PBXFileReference; lastKnownFileType = sourcecode.swift; path = SelectTourInfoDelegate.swift; sourceTree = "<group>"; };
		486AA0102B12D60600CB5179 /* SelectLocationViewController.swift */ = {isa = PBXFileReference; lastKnownFileType = sourcecode.swift; path = SelectLocationViewController.swift; sourceTree = "<group>"; };
		486AA0122B13065200CB5179 /* MakeTourPriceView.swift */ = {isa = PBXFileReference; lastKnownFileType = sourcecode.swift; path = MakeTourPriceView.swift; sourceTree = "<group>"; };
		486AA0152B131E0300CB5179 /* BaseCollectionViewCell.swift */ = {isa = PBXFileReference; lastKnownFileType = sourcecode.swift; path = BaseCollectionViewCell.swift; sourceTree = "<group>"; };
		486AA0172B131E4C00CB5179 /* MakeTourImageCollectionViewCell.swift */ = {isa = PBXFileReference; lastKnownFileType = sourcecode.swift; path = MakeTourImageCollectionViewCell.swift; sourceTree = "<group>"; };
		486AA0192B1338A800CB5179 /* UIImage+Extension.swift */ = {isa = PBXFileReference; lastKnownFileType = sourcecode.swift; path = "UIImage+Extension.swift"; sourceTree = "<group>"; };
		487786092B0B29F60091661F /* TravelWithMe.app */ = {isa = PBXFileReference; explicitFileType = wrapper.application; includeInIndex = 0; path = TravelWithMe.app; sourceTree = BUILT_PRODUCTS_DIR; };
		4877860C2B0B29F60091661F /* AppDelegate.swift */ = {isa = PBXFileReference; lastKnownFileType = sourcecode.swift; path = AppDelegate.swift; sourceTree = "<group>"; };
		4877860E2B0B29F60091661F /* SceneDelegate.swift */ = {isa = PBXFileReference; lastKnownFileType = sourcecode.swift; path = SceneDelegate.swift; sourceTree = "<group>"; };
		487786102B0B29F60091661F /* ViewController.swift */ = {isa = PBXFileReference; lastKnownFileType = sourcecode.swift; path = ViewController.swift; sourceTree = "<group>"; };
		487786152B0B29F70091661F /* Assets.xcassets */ = {isa = PBXFileReference; lastKnownFileType = folder.assetcatalog; path = Assets.xcassets; sourceTree = "<group>"; };
		487786182B0B29F70091661F /* Base */ = {isa = PBXFileReference; lastKnownFileType = file.storyboard; name = Base; path = Base.lproj/LaunchScreen.storyboard; sourceTree = "<group>"; };
		4877861A2B0B29F70091661F /* Info.plist */ = {isa = PBXFileReference; lastKnownFileType = text.plist.xml; path = Info.plist; sourceTree = "<group>"; };
		487786242B0B2A820091661F /* SignUpViewController.swift */ = {isa = PBXFileReference; lastKnownFileType = sourcecode.swift; path = SignUpViewController.swift; sourceTree = "<group>"; };
		487786272B0B2AA50091661F /* BaseViewController.swift */ = {isa = PBXFileReference; lastKnownFileType = sourcecode.swift; path = BaseViewController.swift; sourceTree = "<group>"; };
		487786292B0B2CEF0091661F /* BaseView.swift */ = {isa = PBXFileReference; lastKnownFileType = sourcecode.swift; path = BaseView.swift; sourceTree = "<group>"; };
		4877862C2B0B2F5A0091661F /* SignUpSmallLabel.swift */ = {isa = PBXFileReference; lastKnownFileType = sourcecode.swift; path = SignUpSmallLabel.swift; sourceTree = "<group>"; };
		487786312B0B31730091661F /* SignUpTextField.swift */ = {isa = PBXFileReference; lastKnownFileType = sourcecode.swift; path = SignUpTextField.swift; sourceTree = "<group>"; };
		487786342B0B32A50091661F /* ConstantColor.swift */ = {isa = PBXFileReference; lastKnownFileType = sourcecode.swift; path = ConstantColor.swift; sourceTree = "<group>"; };
		487786372B0B32B10091661F /* UIColor+Extension.swift */ = {isa = PBXFileReference; lastKnownFileType = sourcecode.swift; path = "UIColor+Extension.swift"; sourceTree = "<group>"; };
		4877863A2B0B35A20091661F /* SignUpSmallButton.swift */ = {isa = PBXFileReference; lastKnownFileType = sourcecode.swift; path = SignUpSmallButton.swift; sourceTree = "<group>"; };
		4877863C2B0B378C0091661F /* SignUpGenderSegmentControl.swift */ = {isa = PBXFileReference; lastKnownFileType = sourcecode.swift; path = SignUpGenderSegmentControl.swift; sourceTree = "<group>"; };
		4877863E2B0B3ADA0091661F /* SignUpView.swift */ = {isa = PBXFileReference; lastKnownFileType = sourcecode.swift; path = SignUpView.swift; sourceTree = "<group>"; };
		487786402B0B43AD0091661F /* SignUpCompleteButton.swift */ = {isa = PBXFileReference; lastKnownFileType = sourcecode.swift; path = SignUpCompleteButton.swift; sourceTree = "<group>"; };
		487786432B0B47C30091661F /* MakeTourViewController.swift */ = {isa = PBXFileReference; lastKnownFileType = sourcecode.swift; path = MakeTourViewController.swift; sourceTree = "<group>"; };
		487786452B0B47D30091661F /* MakeTourView.swift */ = {isa = PBXFileReference; lastKnownFileType = sourcecode.swift; path = MakeTourView.swift; sourceTree = "<group>"; };
		487786482B0B4A330091661F /* MakeTourTextView.swift */ = {isa = PBXFileReference; lastKnownFileType = sourcecode.swift; path = MakeTourTextView.swift; sourceTree = "<group>"; };
		4877864A2B0B4B110091661F /* MakeTourPeopleCountView.swift */ = {isa = PBXFileReference; lastKnownFileType = sourcecode.swift; path = MakeTourPeopleCountView.swift; sourceTree = "<group>"; };
		48AC06392B15B3DA00B73B79 /* SubTourCollectionViewCell.swift */ = {isa = PBXFileReference; lastKnownFileType = sourcecode.swift; path = SubTourCollectionViewCell.swift; sourceTree = "<group>"; };
		48AC063B2B15B88E00B73B79 /* ContentsCategoryButton.swift */ = {isa = PBXFileReference; lastKnownFileType = sourcecode.swift; path = ContentsCategoryButton.swift; sourceTree = "<group>"; };
		48ADEE332B18658400B1B95E /* MyTourView.swift */ = {isa = PBXFileReference; lastKnownFileType = sourcecode.swift; path = MyTourView.swift; sourceTree = "<group>"; };
		48ADEE352B18660F00B1B95E /* UIView+Extension.swift */ = {isa = PBXFileReference; lastKnownFileType = sourcecode.swift; path = "UIView+Extension.swift"; sourceTree = "<group>"; };
		48ADEE372B1866AF00B1B95E /* MyTourViewModel.swift */ = {isa = PBXFileReference; lastKnownFileType = sourcecode.swift; path = MyTourViewModel.swift; sourceTree = "<group>"; };
		48ADEE392B1892C500B1B95E /* UIButton+Extension.swift */ = {isa = PBXFileReference; lastKnownFileType = sourcecode.swift; path = "UIButton+Extension.swift"; sourceTree = "<group>"; };
		48ADEE3B2B189D4700B1B95E /* Reactive+Extension.swift */ = {isa = PBXFileReference; lastKnownFileType = sourcecode.swift; path = "Reactive+Extension.swift"; sourceTree = "<group>"; };
		48ADEE3D2B18A23000B1B95E /* TourCategoryType.swift */ = {isa = PBXFileReference; lastKnownFileType = sourcecode.swift; path = TourCategoryType.swift; sourceTree = "<group>"; };
		48B7CC092B1452FB00AD854F /* KeychainStorage.swift */ = {isa = PBXFileReference; lastKnownFileType = sourcecode.swift; path = KeychainStorage.swift; sourceTree = "<group>"; };
		48B7CC0B2B145EDD00AD854F /* APIRequestInterceptor.swift */ = {isa = PBXFileReference; lastKnownFileType = sourcecode.swift; path = APIRequestInterceptor.swift; sourceTree = "<group>"; };
		48B7CC0E2B14835500AD854F /* ContentsViewController.swift */ = {isa = PBXFileReference; lastKnownFileType = sourcecode.swift; path = ContentsViewController.swift; sourceTree = "<group>"; };
		48B7CC102B14836800AD854F /* ContentsViewModel.swift */ = {isa = PBXFileReference; lastKnownFileType = sourcecode.swift; path = ContentsViewModel.swift; sourceTree = "<group>"; };
		48B7CC122B14836D00AD854F /* ContentsView.swift */ = {isa = PBXFileReference; lastKnownFileType = sourcecode.swift; path = ContentsView.swift; sourceTree = "<group>"; };
		48B7CC142B14841D00AD854F /* AboutTourCollectionViewCell.swift */ = {isa = PBXFileReference; lastKnownFileType = sourcecode.swift; path = AboutTourCollectionViewCell.swift; sourceTree = "<group>"; };
		48B7CC172B14C16200AD854F /* ContentsTourInfoView.swift */ = {isa = PBXFileReference; lastKnownFileType = sourcecode.swift; path = ContentsTourInfoView.swift; sourceTree = "<group>"; };
		48B7CC192B14C82600AD854F /* ContentsProfileImageView.swift */ = {isa = PBXFileReference; lastKnownFileType = sourcecode.swift; path = ContentsProfileImageView.swift; sourceTree = "<group>"; };
		48BCD9CB2B1E03FF004E8838 /* DetailTourApplyButton.swift */ = {isa = PBXFileReference; lastKnownFileType = sourcecode.swift; path = DetailTourApplyButton.swift; sourceTree = "<group>"; };
		48BCD9CD2B1E0EAD004E8838 /* DetailTourDotLineView.swift */ = {isa = PBXFileReference; lastKnownFileType = sourcecode.swift; path = DetailTourDotLineView.swift; sourceTree = "<group>"; };
		48F006B82B16F1B400DB1FC1 /* UIImageView+Extension.swift */ = {isa = PBXFileReference; lastKnownFileType = sourcecode.swift; path = "UIImageView+Extension.swift"; sourceTree = "<group>"; };
		48F006BA2B16F7E600DB1FC1 /* UIViewController+Extension.swift */ = {isa = PBXFileReference; lastKnownFileType = sourcecode.swift; path = "UIViewController+Extension.swift"; sourceTree = "<group>"; };
		48F006BD2B17194400DB1FC1 /* ProfileView.swift */ = {isa = PBXFileReference; lastKnownFileType = sourcecode.swift; path = ProfileView.swift; sourceTree = "<group>"; };
		48F006BF2B17194C00DB1FC1 /* ProfileViewController.swift */ = {isa = PBXFileReference; lastKnownFileType = sourcecode.swift; path = ProfileViewController.swift; sourceTree = "<group>"; };
		48F006C12B17195100DB1FC1 /* ProfileViewModel.swift */ = {isa = PBXFileReference; lastKnownFileType = sourcecode.swift; path = ProfileViewModel.swift; sourceTree = "<group>"; };
		48F006C62B17241D00DB1FC1 /* ProfileTopView.swift */ = {isa = PBXFileReference; lastKnownFileType = sourcecode.swift; path = ProfileTopView.swift; sourceTree = "<group>"; };
		48F006C92B172A6400DB1FC1 /* ProfileModifyButton.swift */ = {isa = PBXFileReference; lastKnownFileType = sourcecode.swift; path = ProfileModifyButton.swift; sourceTree = "<group>"; };
		48F0A5592B0F83A700859828 /* LoginViewController.swift */ = {isa = PBXFileReference; lastKnownFileType = sourcecode.swift; path = LoginViewController.swift; sourceTree = "<group>"; };
		48F0A55B2B0F83AE00859828 /* LoginViewModel.swift */ = {isa = PBXFileReference; lastKnownFileType = sourcecode.swift; path = LoginViewModel.swift; sourceTree = "<group>"; };
		48F0A55D2B0F83B300859828 /* LoginView.swift */ = {isa = PBXFileReference; lastKnownFileType = sourcecode.swift; path = LoginView.swift; sourceTree = "<group>"; };
/* End PBXFileReference section */

/* Begin PBXFrameworksBuildPhase section */
		487786062B0B29F60091661F /* Frameworks */ = {
			isa = PBXFrameworksBuildPhase;
			buildActionMask = 2147483647;
			files = (
				486732442B0C8EA900BC24A4 /* RxSwift in Frameworks */,
				48405B4E2B16108200B3144F /* AlamofireImage in Frameworks */,
				484711612B0DD59A00C68490 /* Alamofire in Frameworks */,
				48405B4B2B16044E00B3144F /* Kingfisher in Frameworks */,
				48B7CC072B1451FB00AD854F /* SwiftKeychainWrapper in Frameworks */,
				480442F82B1811D400E5C70B /* Tabman in Frameworks */,
				486732422B0C8EA900BC24A4 /* RxCocoa in Frameworks */,
				486AA0002B12BDB100CB5179 /* FSCalendar in Frameworks */,
				484C85A52B162C360052B247 /* SkeletonView in Frameworks */,
				487786302B0B309F0091661F /* SnapKit in Frameworks */,
			);
			runOnlyForDeploymentPostprocessing = 0;
		};
/* End PBXFrameworksBuildPhase section */

/* Begin PBXGroup section */
		480442F92B18120B00E5C70B /* MyTour */ = {
			isa = PBXGroup;
			children = (
				480442FF2B18126C00E5C70B /* MyTourViewController.swift */,
				48ADEE332B18658400B1B95E /* MyTourView.swift */,
				48ADEE372B1866AF00B1B95E /* MyTourViewModel.swift */,
			);
			path = MyTour;
			sourceTree = "<group>";
		};
		480442FA2B18121200E5C70B /* JoinedTour */ = {
			isa = PBXGroup;
			children = (
				480442FD2B18126200E5C70B /* JoinedTourViewController.swift */,
			);
			path = JoinedTour;
			sourceTree = "<group>";
		};
		4818C8CD2B105C4600BC8F02 /* ResultNetwork */ = {
			isa = PBXGroup;
			children = (
				4818C8D02B105C8300BC8F02 /* ResultNetwork.swift */,
			);
			path = ResultNetwork;
			sourceTree = "<group>";
		};
		4818C8D42B10720100BC8F02 /* Test */ = {
			isa = PBXGroup;
			children = (
				4818C8D52B10721100BC8F02 /* TestJSONtoString.swift */,
			);
			path = Test;
			sourceTree = "<group>";
		};
		4826FF2D2B0B97D20077B2D1 /* Login */ = {
			isa = PBXGroup;
			children = (
				48F0A5592B0F83A700859828 /* LoginViewController.swift */,
				48F0A55B2B0F83AE00859828 /* LoginViewModel.swift */,
				48F0A55D2B0F83B300859828 /* LoginView.swift */,
			);
			path = Login;
			sourceTree = "<group>";
		};
		484059552B1D9090006A8AAC /* DetailTour */ = {
			isa = PBXGroup;
			children = (
				484059562B1D909E006A8AAC /* DetailTourViewController.swift */,
				484059582B1D90A4006A8AAC /* DetailTourView.swift */,
				4840595A2B1D90AB006A8AAC /* DetailTourViewModel.swift */,
			);
			path = DetailTour;
			sourceTree = "<group>";
		};
		484059642B1DAAAC006A8AAC /* DetailTour */ = {
			isa = PBXGroup;
			children = (
				484059672B1DAAF2006A8AAC /* DetailTourInfoView.swift */,
				484059692B1E01BA006A8AAC /* DetailTourBottomView.swift */,
				48BCD9CB2B1E03FF004E8838 /* DetailTourApplyButton.swift */,
				48BCD9CD2B1E0EAD004E8838 /* DetailTourDotLineView.swift */,
			);
			path = DetailTour;
			sourceTree = "<group>";
		};
		48405B482B15CDAF00B3144F /* 버릴거 */ = {
			isa = PBXGroup;
			children = (
				4847115D2B0DD56000C68490 /* APIManager.swift */,
			);
			name = "버릴거";
			path = "버릴거";
			sourceTree = "<group>";
		};
		484711662B0E2B7600C68490 /* Error */ = {
			isa = PBXGroup;
			children = (
				484711672B0E2B8600C68490 /* ErrorEnum.swift */,
			);
			path = Error;
			sourceTree = "<group>";
		};
		484C85A02B1628BF0052B247 /* ImageCache */ = {
			isa = PBXGroup;
			children = (
				484C85A12B1628C90052B247 /* ImageCacheManager.swift */,
			);
			path = ImageCache;
			sourceTree = "<group>";
		};
		486732472B0C902C00BC24A4 /* Enum */ = {
			isa = PBXGroup;
			children = (
				486732522B0CA36700BC24A4 /* SignUp */,
				486AA0032B12C25700CB5179 /* DateFormatType.swift */,
				48ADEE3D2B18A23000B1B95E /* TourCategoryType.swift */,
				484059652B1DAAC8006A8AAC /* TourTypeInfo.swift */,
			);
			path = Enum;
			sourceTree = "<group>";
		};
		486732522B0CA36700BC24A4 /* SignUp */ = {
			isa = PBXGroup;
			children = (
				486732482B0C903D00BC24A4 /* ValidEmail.swift */,
				4867324C2B0C9BCF00BC24A4 /* ValidPW.swift */,
				486732502B0CA36300BC24A4 /* ValidNickname.swift */,
				4867325A2B0CBCD600BC24A4 /* ValidBirthday.swift */,
				484711622B0E1CE100C68490 /* Gender.swift */,
			);
			path = SignUp;
			sourceTree = "<group>";
		};
		486732552B0CA3DA00BC24A4 /* Network */ = {
			isa = PBXGroup;
			children = (
				4818C8CD2B105C4600BC8F02 /* ResultNetwork */,
				486732562B0CA3E200BC24A4 /* APIKey.swift */,
				4847115B2B0DD46A00C68490 /* APIModel.swift */,
				484711692B0E2FF700C68490 /* Router.swift */,
				48474C072B0F712A00B73261 /* RouterAPIManager.swift */,
				48B7CC0B2B145EDD00AD854F /* APIRequestInterceptor.swift */,
				484711662B0E2B7600C68490 /* Error */,
			);
			path = Network;
			sourceTree = "<group>";
		};
		486A9FFB2B12BCB100CB5179 /* SelectDate */ = {
			isa = PBXGroup;
			children = (
				486A9FFC2B12BCC600CB5179 /* SelectDateViewController.swift */,
				486AA0012B12BE0600CB5179 /* SelectDateView.swift */,
			);
			path = SelectDate;
			sourceTree = "<group>";
		};
		486AA00F2B12D5F600CB5179 /* SelectLocation */ = {
			isa = PBXGroup;
			children = (
				486AA0102B12D60600CB5179 /* SelectLocationViewController.swift */,
			);
			path = SelectLocation;
			sourceTree = "<group>";
		};
		486AA0142B131DF500CB5179 /* Cell */ = {
			isa = PBXGroup;
			children = (
				486AA0172B131E4C00CB5179 /* MakeTourImageCollectionViewCell.swift */,
				48B7CC142B14841D00AD854F /* AboutTourCollectionViewCell.swift */,
				48AC06392B15B3DA00B73B79 /* SubTourCollectionViewCell.swift */,
				4840595C2B1D9703006A8AAC /* DetailTourSwipeImageCollectionViewCell.swift */,
				4840595E2B1DA464006A8AAC /* DetailTourCategoryCollectionViewCell.swift */,
			);
			path = Cell;
			sourceTree = "<group>";
		};
		487786002B0B29F60091661F = {
			isa = PBXGroup;
			children = (
				4877860B2B0B29F60091661F /* TravelWithMe */,
				4877860A2B0B29F60091661F /* Products */,
			);
			sourceTree = "<group>";
		};
		4877860A2B0B29F60091661F /* Products */ = {
			isa = PBXGroup;
			children = (
				487786092B0B29F60091661F /* TravelWithMe.app */,
			);
			name = Products;
			sourceTree = "<group>";
		};
		4877860B2B0B29F60091661F /* TravelWithMe */ = {
			isa = PBXGroup;
			children = (
				484C85A02B1628BF0052B247 /* ImageCache */,
				48405B482B15CDAF00B3144F /* 버릴거 */,
				48B7CC082B1452F000AD854F /* KeyChain */,
				486AA0142B131DF500CB5179 /* Cell */,
				4818C8D42B10720100BC8F02 /* Test */,
				486732552B0CA3DA00BC24A4 /* Network */,
				486732472B0C902C00BC24A4 /* Enum */,
				487786362B0B32A90091661F /* Extension */,
				487786332B0B32200091661F /* Constant */,
				4877862B2B0B2E430091661F /* CustomView */,
				487786262B0B2A9C0091661F /* Base */,
				487786202B0B2A690091661F /* Scene */,
				4877860C2B0B29F60091661F /* AppDelegate.swift */,
				4877860E2B0B29F60091661F /* SceneDelegate.swift */,
				487786102B0B29F60091661F /* ViewController.swift */,
				487786152B0B29F70091661F /* Assets.xcassets */,
				487786172B0B29F70091661F /* LaunchScreen.storyboard */,
				4877861A2B0B29F70091661F /* Info.plist */,
				486732532B0CA38100BC24A4 /* .gitignore */,
			);
			path = TravelWithMe;
			sourceTree = "<group>";
		};
		487786202B0B2A690091661F /* Scene */ = {
			isa = PBXGroup;
			children = (
				4867323C2B0C8D1F00BC24A4 /* StartViewController.swift */,
				484059552B1D9090006A8AAC /* DetailTour */,
				48F006BC2B17193600DB1FC1 /* Profile */,
				48B7CC0D2B1482DC00AD854F /* Contents */,
				4826FF2D2B0B97D20077B2D1 /* Login */,
				487786422B0B47AE0091661F /* MakeTour */,
				487786212B0B2A6D0091661F /* SignUp */,
			);
			path = Scene;
			sourceTree = "<group>";
		};
		487786212B0B2A6D0091661F /* SignUp */ = {
			isa = PBXGroup;
			children = (
				487786242B0B2A820091661F /* SignUpViewController.swift */,
				4877863E2B0B3ADA0091661F /* SignUpView.swift */,
				4867323E2B0C8E9300BC24A4 /* SignUpViewModel.swift */,
			);
			path = SignUp;
			sourceTree = "<group>";
		};
		487786262B0B2A9C0091661F /* Base */ = {
			isa = PBXGroup;
			children = (
				487786272B0B2AA50091661F /* BaseViewController.swift */,
				487786292B0B2CEF0091661F /* BaseView.swift */,
				486732452B0C8EBD00BC24A4 /* BaseViewModelType.swift */,
				486AA0152B131E0300CB5179 /* BaseCollectionViewCell.swift */,
			);
			path = Base;
			sourceTree = "<group>";
		};
		4877862B2B0B2E430091661F /* CustomView */ = {
			isa = PBXGroup;
			children = (
				484059642B1DAAAC006A8AAC /* DetailTour */,
				48F006C82B172A5300DB1FC1 /* Profile */,
				48B7CC162B14C15000AD854F /* Contents */,
				48F0A55F2B0F848900859828 /* Login */,
				487786392B0B35940091661F /* SignUp */,
				487786472B0B4A250091661F /* MakeTour */,
			);
			path = CustomView;
			sourceTree = "<group>";
		};
		487786332B0B32200091661F /* Constant */ = {
			isa = PBXGroup;
			children = (
				487786342B0B32A50091661F /* ConstantColor.swift */,
			);
			path = Constant;
			sourceTree = "<group>";
		};
		487786362B0B32A90091661F /* Extension */ = {
			isa = PBXGroup;
			children = (
				487786372B0B32B10091661F /* UIColor+Extension.swift */,
				486AA0052B12C2E100CB5179 /* Date<->String.swift */,
				486AA0072B12C30B00CB5179 /* Date+Extension.swift */,
				486AA0192B1338A800CB5179 /* UIImage+Extension.swift */,
				48F006B82B16F1B400DB1FC1 /* UIImageView+Extension.swift */,
				48F006BA2B16F7E600DB1FC1 /* UIViewController+Extension.swift */,
				480443012B18132800E5C70B /* CALayer+Extension.swift */,
				480443032B18133F00E5C70B /* UITabBar+Extension.swift */,
				48ADEE352B18660F00B1B95E /* UIView+Extension.swift */,
				48ADEE392B1892C500B1B95E /* UIButton+Extension.swift */,
				48ADEE3B2B189D4700B1B95E /* Reactive+Extension.swift */,
			);
			path = Extension;
			sourceTree = "<group>";
		};
		487786392B0B35940091661F /* SignUp */ = {
			isa = PBXGroup;
			children = (
				4877862C2B0B2F5A0091661F /* SignUpSmallLabel.swift */,
				487786312B0B31730091661F /* SignUpTextField.swift */,
				4877863A2B0B35A20091661F /* SignUpSmallButton.swift */,
				4877863C2B0B378C0091661F /* SignUpGenderSegmentControl.swift */,
				487786402B0B43AD0091661F /* SignUpCompleteButton.swift */,
				4867324A2B0C938E00BC24A4 /* SignUpCheckEmailLabel.swift */,
				4867324E2B0CA13300BC24A4 /* SignUpCheckPWLabel.swift */,
				486732582B0CA53000BC24A4 /* SignUpCheckNicknameLabel.swift */,
				4867325C2B0CBD5400BC24A4 /* SignUpCheckBirthdayLabel.swift */,
			);
			path = SignUp;
			sourceTree = "<group>";
		};
		487786422B0B47AE0091661F /* MakeTour */ = {
			isa = PBXGroup;
			children = (
				487786432B0B47C30091661F /* MakeTourViewController.swift */,
				487786452B0B47D30091661F /* MakeTourView.swift */,
				4818C8D72B10870F00BC8F02 /* MakeTourViewModel.swift */,
				486AA00D2B12D51600CB5179 /* SelectTourInfoDelegate.swift */,
				486AA00F2B12D5F600CB5179 /* SelectLocation */,
				486A9FFB2B12BCB100CB5179 /* SelectDate */,
			);
			path = MakeTour;
			sourceTree = "<group>";
		};
		487786472B0B4A250091661F /* MakeTour */ = {
			isa = PBXGroup;
			children = (
				487786482B0B4A330091661F /* MakeTourTextView.swift */,
				4877864A2B0B4B110091661F /* MakeTourPeopleCountView.swift */,
				486AA00B2B12CFFE00CB5179 /* MakeTourDatesView.swift */,
				486AA0122B13065200CB5179 /* MakeTourPriceView.swift */,
			);
			path = MakeTour;
			sourceTree = "<group>";
		};
		48B7CC082B1452F000AD854F /* KeyChain */ = {
			isa = PBXGroup;
			children = (
				48B7CC092B1452FB00AD854F /* KeychainStorage.swift */,
			);
			path = KeyChain;
			sourceTree = "<group>";
		};
		48B7CC0D2B1482DC00AD854F /* Contents */ = {
			isa = PBXGroup;
			children = (
				48B7CC0E2B14835500AD854F /* ContentsViewController.swift */,
				48B7CC102B14836800AD854F /* ContentsViewModel.swift */,
				48B7CC122B14836D00AD854F /* ContentsView.swift */,
			);
			path = Contents;
			sourceTree = "<group>";
		};
		48B7CC162B14C15000AD854F /* Contents */ = {
			isa = PBXGroup;
			children = (
				48B7CC172B14C16200AD854F /* ContentsTourInfoView.swift */,
				48B7CC192B14C82600AD854F /* ContentsProfileImageView.swift */,
				48AC063B2B15B88E00B73B79 /* ContentsCategoryButton.swift */,
				484059602B1DA710006A8AAC /* ContentsTourTitleLabel.swift */,
				484059622B1DA719006A8AAC /* ContentsTourProfileNameLabel.swift */,
			);
			path = Contents;
			sourceTree = "<group>";
		};
		48F006BC2B17193600DB1FC1 /* Profile */ = {
			isa = PBXGroup;
			children = (
				48F006BD2B17194400DB1FC1 /* ProfileView.swift */,
				48F006BF2B17194C00DB1FC1 /* ProfileViewController.swift */,
				48F006C12B17195100DB1FC1 /* ProfileViewModel.swift */,
				48F006C62B17241D00DB1FC1 /* ProfileTopView.swift */,
				480442F92B18120B00E5C70B /* MyTour */,
				480442FA2B18121200E5C70B /* JoinedTour */,
			);
			path = Profile;
			sourceTree = "<group>";
		};
		48F006C82B172A5300DB1FC1 /* Profile */ = {
			isa = PBXGroup;
			children = (
				48F006C92B172A6400DB1FC1 /* ProfileModifyButton.swift */,
			);
			path = Profile;
			sourceTree = "<group>";
		};
		48F0A55F2B0F848900859828 /* Login */ = {
			isa = PBXGroup;
			children = (
				4818C8D22B106E4000BC8F02 /* LoginCheckLoginLabel.swift */,
			);
			path = Login;
			sourceTree = "<group>";
		};
/* End PBXGroup section */

/* Begin PBXNativeTarget section */
		487786082B0B29F60091661F /* TravelWithMe */ = {
			isa = PBXNativeTarget;
			buildConfigurationList = 4877861D2B0B29F70091661F /* Build configuration list for PBXNativeTarget "TravelWithMe" */;
			buildPhases = (
				487786052B0B29F60091661F /* Sources */,
				487786062B0B29F60091661F /* Frameworks */,
				487786072B0B29F60091661F /* Resources */,
			);
			buildRules = (
			);
			dependencies = (
			);
			name = TravelWithMe;
			packageProductDependencies = (
				4877862F2B0B309F0091661F /* SnapKit */,
				486732412B0C8EA900BC24A4 /* RxCocoa */,
				486732432B0C8EA900BC24A4 /* RxSwift */,
				484711602B0DD59A00C68490 /* Alamofire */,
				486A9FFF2B12BDB100CB5179 /* FSCalendar */,
				48B7CC062B1451FB00AD854F /* SwiftKeychainWrapper */,
				48405B4A2B16044E00B3144F /* Kingfisher */,
				48405B4D2B16108200B3144F /* AlamofireImage */,
				484C85A42B162C360052B247 /* SkeletonView */,
				480442F72B1811D400E5C70B /* Tabman */,
			);
			productName = TravelWithMe;
			productReference = 487786092B0B29F60091661F /* TravelWithMe.app */;
			productType = "com.apple.product-type.application";
		};
/* End PBXNativeTarget section */

/* Begin PBXProject section */
		487786012B0B29F60091661F /* Project object */ = {
			isa = PBXProject;
			attributes = {
				BuildIndependentTargetsInParallel = 1;
				LastSwiftUpdateCheck = 1430;
				LastUpgradeCheck = 1430;
				TargetAttributes = {
					487786082B0B29F60091661F = {
						CreatedOnToolsVersion = 14.3.1;
					};
				};
			};
			buildConfigurationList = 487786042B0B29F60091661F /* Build configuration list for PBXProject "TravelWithMe" */;
			compatibilityVersion = "Xcode 14.0";
			developmentRegion = en;
			hasScannedForEncodings = 0;
			knownRegions = (
				en,
				Base,
			);
			mainGroup = 487786002B0B29F60091661F;
			packageReferences = (
				4877862E2B0B309F0091661F /* XCRemoteSwiftPackageReference "SnapKit" */,
				486732402B0C8EA900BC24A4 /* XCRemoteSwiftPackageReference "RxSwift" */,
				4847115F2B0DD59A00C68490 /* XCRemoteSwiftPackageReference "Alamofire" */,
				486A9FFE2B12BDB100CB5179 /* XCRemoteSwiftPackageReference "FSCalendar" */,
				48B7CC052B1451FB00AD854F /* XCRemoteSwiftPackageReference "SwiftKeychainWrapper" */,
				48405B492B16044E00B3144F /* XCRemoteSwiftPackageReference "Kingfisher" */,
				48405B4C2B16108200B3144F /* XCRemoteSwiftPackageReference "AlamofireImage" */,
				484C85A32B162C360052B247 /* XCRemoteSwiftPackageReference "SkeletonView" */,
				480442F62B1811D400E5C70B /* XCRemoteSwiftPackageReference "Tabman" */,
			);
			productRefGroup = 4877860A2B0B29F60091661F /* Products */;
			projectDirPath = "";
			projectRoot = "";
			targets = (
				487786082B0B29F60091661F /* TravelWithMe */,
			);
		};
/* End PBXProject section */

/* Begin PBXResourcesBuildPhase section */
		487786072B0B29F60091661F /* Resources */ = {
			isa = PBXResourcesBuildPhase;
			buildActionMask = 2147483647;
			files = (
				487786192B0B29F70091661F /* LaunchScreen.storyboard in Resources */,
				486732542B0CA38100BC24A4 /* .gitignore in Resources */,
				487786162B0B29F70091661F /* Assets.xcassets in Resources */,
			);
			runOnlyForDeploymentPostprocessing = 0;
		};
/* End PBXResourcesBuildPhase section */

/* Begin PBXSourcesBuildPhase section */
		487786052B0B29F60091661F /* Sources */ = {
			isa = PBXSourcesBuildPhase;
			buildActionMask = 2147483647;
			files = (
				484711682B0E2B8600C68490 /* ErrorEnum.swift in Sources */,
				4847115E2B0DD56000C68490 /* APIManager.swift in Sources */,
				486AA0062B12C2E100CB5179 /* Date<->String.swift in Sources */,
				4840595B2B1D90AB006A8AAC /* DetailTourViewModel.swift in Sources */,
				486AA0022B12BE0600CB5179 /* SelectDateView.swift in Sources */,
				48F006BB2B16F7E600DB1FC1 /* UIViewController+Extension.swift in Sources */,
				487786462B0B47D30091661F /* MakeTourView.swift in Sources */,
				48ADEE3E2B18A23000B1B95E /* TourCategoryType.swift in Sources */,
				4818C8D32B106E4000BC8F02 /* LoginCheckLoginLabel.swift in Sources */,
				487786282B0B2AA50091661F /* BaseViewController.swift in Sources */,
				48ADEE342B18658400B1B95E /* MyTourView.swift in Sources */,
				48F0A55A2B0F83A700859828 /* LoginViewController.swift in Sources */,
				486AA00E2B12D51600CB5179 /* SelectTourInfoDelegate.swift in Sources */,
				4847116A2B0E2FF700C68490 /* Router.swift in Sources */,
				48ADEE382B1866AF00B1B95E /* MyTourViewModel.swift in Sources */,
				4840595F2B1DA464006A8AAC /* DetailTourCategoryCollectionViewCell.swift in Sources */,
				4867325D2B0CBD5400BC24A4 /* SignUpCheckBirthdayLabel.swift in Sources */,
				486AA0112B12D60600CB5179 /* SelectLocationViewController.swift in Sources */,
				48F006CA2B172A6400DB1FC1 /* ProfileModifyButton.swift in Sources */,
				484059662B1DAAC8006A8AAC /* TourTypeInfo.swift in Sources */,
				48F0A55C2B0F83AE00859828 /* LoginViewModel.swift in Sources */,
				486AA0162B131E0300CB5179 /* BaseCollectionViewCell.swift in Sources */,
				4867323F2B0C8E9300BC24A4 /* SignUpViewModel.swift in Sources */,
				4818C8D12B105C8300BC8F02 /* ResultNetwork.swift in Sources */,
				4877862D2B0B2F5A0091661F /* SignUpSmallLabel.swift in Sources */,
				487786112B0B29F60091661F /* ViewController.swift in Sources */,
				4867325B2B0CBCD600BC24A4 /* ValidBirthday.swift in Sources */,
				484059612B1DA710006A8AAC /* ContentsTourTitleLabel.swift in Sources */,
				487786492B0B4A330091661F /* MakeTourTextView.swift in Sources */,
				484C85A22B1628C90052B247 /* ImageCacheManager.swift in Sources */,
				4818C8D82B10870F00BC8F02 /* MakeTourViewModel.swift in Sources */,
				48ADEE3A2B1892C500B1B95E /* UIButton+Extension.swift in Sources */,
				486732512B0CA36300BC24A4 /* ValidNickname.swift in Sources */,
				486732572B0CA3E200BC24A4 /* APIKey.swift in Sources */,
				4877860D2B0B29F60091661F /* AppDelegate.swift in Sources */,
				484711632B0E1CE100C68490 /* Gender.swift in Sources */,
				48B7CC0A2B1452FB00AD854F /* KeychainStorage.swift in Sources */,
				48ADEE362B18660F00B1B95E /* UIView+Extension.swift in Sources */,
				4818C8D62B10721100BC8F02 /* TestJSONtoString.swift in Sources */,
				486AA0082B12C30B00CB5179 /* Date+Extension.swift in Sources */,
				48AC063C2B15B88E00B73B79 /* ContentsCategoryButton.swift in Sources */,
				4877863D2B0B378C0091661F /* SignUpGenderSegmentControl.swift in Sources */,
				48F006C02B17194C00DB1FC1 /* ProfileViewController.swift in Sources */,
				486AA0042B12C25700CB5179 /* DateFormatType.swift in Sources */,
				4877863B2B0B35A20091661F /* SignUpSmallButton.swift in Sources */,
				484059592B1D90A4006A8AAC /* DetailTourView.swift in Sources */,
				4867324F2B0CA13300BC24A4 /* SignUpCheckPWLabel.swift in Sources */,
				486732492B0C903D00BC24A4 /* ValidEmail.swift in Sources */,
				487786412B0B43AD0091661F /* SignUpCompleteButton.swift in Sources */,
				48B7CC182B14C16200AD854F /* ContentsTourInfoView.swift in Sources */,
				48B7CC1A2B14C82600AD854F /* ContentsProfileImageView.swift in Sources */,
				480443022B18132800E5C70B /* CALayer+Extension.swift in Sources */,
				4847115C2B0DD46A00C68490 /* APIModel.swift in Sources */,
				48F006BE2B17194400DB1FC1 /* ProfileView.swift in Sources */,
				4877864B2B0B4B110091661F /* MakeTourPeopleCountView.swift in Sources */,
				4840595D2B1D9703006A8AAC /* DetailTourSwipeImageCollectionViewCell.swift in Sources */,
				484059632B1DA719006A8AAC /* ContentsTourProfileNameLabel.swift in Sources */,
				48B7CC112B14836800AD854F /* ContentsViewModel.swift in Sources */,
				4877862A2B0B2CEF0091661F /* BaseView.swift in Sources */,
				486AA0132B13065200CB5179 /* MakeTourPriceView.swift in Sources */,
				48F006C72B17241D00DB1FC1 /* ProfileTopView.swift in Sources */,
				487786252B0B2A820091661F /* SignUpViewController.swift in Sources */,
				48474C082B0F712A00B73261 /* RouterAPIManager.swift in Sources */,
				4877863F2B0B3ADA0091661F /* SignUpView.swift in Sources */,
				48B7CC132B14836D00AD854F /* ContentsView.swift in Sources */,
				48B7CC0C2B145EDD00AD854F /* APIRequestInterceptor.swift in Sources */,
				48B7CC0F2B14835500AD854F /* ContentsViewController.swift in Sources */,
				48F006B92B16F1B400DB1FC1 /* UIImageView+Extension.swift in Sources */,
				486AA0182B131E4C00CB5179 /* MakeTourImageCollectionViewCell.swift in Sources */,
				48BCD9CC2B1E03FF004E8838 /* DetailTourApplyButton.swift in Sources */,
				4867324D2B0C9BCF00BC24A4 /* ValidPW.swift in Sources */,
				48ADEE3C2B189D4700B1B95E /* Reactive+Extension.swift in Sources */,
				480442FE2B18126200E5C70B /* JoinedTourViewController.swift in Sources */,
				484059572B1D909E006A8AAC /* DetailTourViewController.swift in Sources */,
				4877860F2B0B29F60091661F /* SceneDelegate.swift in Sources */,
				4867323D2B0C8D1F00BC24A4 /* StartViewController.swift in Sources */,
				486AA00C2B12CFFE00CB5179 /* MakeTourDatesView.swift in Sources */,
				486732462B0C8EBD00BC24A4 /* BaseViewModelType.swift in Sources */,
				48AC063A2B15B3DA00B73B79 /* SubTourCollectionViewCell.swift in Sources */,
				487786352B0B32A50091661F /* ConstantColor.swift in Sources */,
				487786322B0B31730091661F /* SignUpTextField.swift in Sources */,
				487786382B0B32B10091661F /* UIColor+Extension.swift in Sources */,
				4867324B2B0C938E00BC24A4 /* SignUpCheckEmailLabel.swift in Sources */,
				48BCD9CE2B1E0EAD004E8838 /* DetailTourDotLineView.swift in Sources */,
				486A9FFD2B12BCC600CB5179 /* SelectDateViewController.swift in Sources */,
				4840596A2B1E01BA006A8AAC /* DetailTourBottomView.swift in Sources */,
				487786442B0B47C30091661F /* MakeTourViewController.swift in Sources */,
				48B7CC152B14841E00AD854F /* AboutTourCollectionViewCell.swift in Sources */,
				480443002B18126C00E5C70B /* MyTourViewController.swift in Sources */,
				486AA01A2B1338A800CB5179 /* UIImage+Extension.swift in Sources */,
				48F0A55E2B0F83B300859828 /* LoginView.swift in Sources */,
				480443042B18133F00E5C70B /* UITabBar+Extension.swift in Sources */,
				486732592B0CA53000BC24A4 /* SignUpCheckNicknameLabel.swift in Sources */,
				48F006C22B17195100DB1FC1 /* ProfileViewModel.swift in Sources */,
				484059682B1DAAF2006A8AAC /* DetailTourInfoView.swift in Sources */,
			);
			runOnlyForDeploymentPostprocessing = 0;
		};
/* End PBXSourcesBuildPhase section */

/* Begin PBXVariantGroup section */
		487786172B0B29F70091661F /* LaunchScreen.storyboard */ = {
			isa = PBXVariantGroup;
			children = (
				487786182B0B29F70091661F /* Base */,
			);
			name = LaunchScreen.storyboard;
			sourceTree = "<group>";
		};
/* End PBXVariantGroup section */

/* Begin XCBuildConfiguration section */
		4877861B2B0B29F70091661F /* Debug */ = {
			isa = XCBuildConfiguration;
			buildSettings = {
				ALWAYS_SEARCH_USER_PATHS = NO;
				CLANG_ANALYZER_NONNULL = YES;
				CLANG_ANALYZER_NUMBER_OBJECT_CONVERSION = YES_AGGRESSIVE;
				CLANG_CXX_LANGUAGE_STANDARD = "gnu++20";
				CLANG_ENABLE_MODULES = YES;
				CLANG_ENABLE_OBJC_ARC = YES;
				CLANG_ENABLE_OBJC_WEAK = YES;
				CLANG_WARN_BLOCK_CAPTURE_AUTORELEASING = YES;
				CLANG_WARN_BOOL_CONVERSION = YES;
				CLANG_WARN_COMMA = YES;
				CLANG_WARN_CONSTANT_CONVERSION = YES;
				CLANG_WARN_DEPRECATED_OBJC_IMPLEMENTATIONS = YES;
				CLANG_WARN_DIRECT_OBJC_ISA_USAGE = YES_ERROR;
				CLANG_WARN_DOCUMENTATION_COMMENTS = YES;
				CLANG_WARN_EMPTY_BODY = YES;
				CLANG_WARN_ENUM_CONVERSION = YES;
				CLANG_WARN_INFINITE_RECURSION = YES;
				CLANG_WARN_INT_CONVERSION = YES;
				CLANG_WARN_NON_LITERAL_NULL_CONVERSION = YES;
				CLANG_WARN_OBJC_IMPLICIT_RETAIN_SELF = YES;
				CLANG_WARN_OBJC_LITERAL_CONVERSION = YES;
				CLANG_WARN_OBJC_ROOT_CLASS = YES_ERROR;
				CLANG_WARN_QUOTED_INCLUDE_IN_FRAMEWORK_HEADER = YES;
				CLANG_WARN_RANGE_LOOP_ANALYSIS = YES;
				CLANG_WARN_STRICT_PROTOTYPES = YES;
				CLANG_WARN_SUSPICIOUS_MOVE = YES;
				CLANG_WARN_UNGUARDED_AVAILABILITY = YES_AGGRESSIVE;
				CLANG_WARN_UNREACHABLE_CODE = YES;
				CLANG_WARN__DUPLICATE_METHOD_MATCH = YES;
				COPY_PHASE_STRIP = NO;
				DEBUG_INFORMATION_FORMAT = dwarf;
				ENABLE_STRICT_OBJC_MSGSEND = YES;
				ENABLE_TESTABILITY = YES;
				GCC_C_LANGUAGE_STANDARD = gnu11;
				GCC_DYNAMIC_NO_PIC = NO;
				GCC_NO_COMMON_BLOCKS = YES;
				GCC_OPTIMIZATION_LEVEL = 0;
				GCC_PREPROCESSOR_DEFINITIONS = (
					"DEBUG=1",
					"$(inherited)",
				);
				GCC_WARN_64_TO_32_BIT_CONVERSION = YES;
				GCC_WARN_ABOUT_RETURN_TYPE = YES_ERROR;
				GCC_WARN_UNDECLARED_SELECTOR = YES;
				GCC_WARN_UNINITIALIZED_AUTOS = YES_AGGRESSIVE;
				GCC_WARN_UNUSED_FUNCTION = YES;
				GCC_WARN_UNUSED_VARIABLE = YES;
				IPHONEOS_DEPLOYMENT_TARGET = 16.4;
				MTL_ENABLE_DEBUG_INFO = INCLUDE_SOURCE;
				MTL_FAST_MATH = YES;
				ONLY_ACTIVE_ARCH = YES;
				SDKROOT = iphoneos;
				SWIFT_ACTIVE_COMPILATION_CONDITIONS = DEBUG;
				SWIFT_OPTIMIZATION_LEVEL = "-Onone";
			};
			name = Debug;
		};
		4877861C2B0B29F70091661F /* Release */ = {
			isa = XCBuildConfiguration;
			buildSettings = {
				ALWAYS_SEARCH_USER_PATHS = NO;
				CLANG_ANALYZER_NONNULL = YES;
				CLANG_ANALYZER_NUMBER_OBJECT_CONVERSION = YES_AGGRESSIVE;
				CLANG_CXX_LANGUAGE_STANDARD = "gnu++20";
				CLANG_ENABLE_MODULES = YES;
				CLANG_ENABLE_OBJC_ARC = YES;
				CLANG_ENABLE_OBJC_WEAK = YES;
				CLANG_WARN_BLOCK_CAPTURE_AUTORELEASING = YES;
				CLANG_WARN_BOOL_CONVERSION = YES;
				CLANG_WARN_COMMA = YES;
				CLANG_WARN_CONSTANT_CONVERSION = YES;
				CLANG_WARN_DEPRECATED_OBJC_IMPLEMENTATIONS = YES;
				CLANG_WARN_DIRECT_OBJC_ISA_USAGE = YES_ERROR;
				CLANG_WARN_DOCUMENTATION_COMMENTS = YES;
				CLANG_WARN_EMPTY_BODY = YES;
				CLANG_WARN_ENUM_CONVERSION = YES;
				CLANG_WARN_INFINITE_RECURSION = YES;
				CLANG_WARN_INT_CONVERSION = YES;
				CLANG_WARN_NON_LITERAL_NULL_CONVERSION = YES;
				CLANG_WARN_OBJC_IMPLICIT_RETAIN_SELF = YES;
				CLANG_WARN_OBJC_LITERAL_CONVERSION = YES;
				CLANG_WARN_OBJC_ROOT_CLASS = YES_ERROR;
				CLANG_WARN_QUOTED_INCLUDE_IN_FRAMEWORK_HEADER = YES;
				CLANG_WARN_RANGE_LOOP_ANALYSIS = YES;
				CLANG_WARN_STRICT_PROTOTYPES = YES;
				CLANG_WARN_SUSPICIOUS_MOVE = YES;
				CLANG_WARN_UNGUARDED_AVAILABILITY = YES_AGGRESSIVE;
				CLANG_WARN_UNREACHABLE_CODE = YES;
				CLANG_WARN__DUPLICATE_METHOD_MATCH = YES;
				COPY_PHASE_STRIP = NO;
				DEBUG_INFORMATION_FORMAT = "dwarf-with-dsym";
				ENABLE_NS_ASSERTIONS = NO;
				ENABLE_STRICT_OBJC_MSGSEND = YES;
				GCC_C_LANGUAGE_STANDARD = gnu11;
				GCC_NO_COMMON_BLOCKS = YES;
				GCC_WARN_64_TO_32_BIT_CONVERSION = YES;
				GCC_WARN_ABOUT_RETURN_TYPE = YES_ERROR;
				GCC_WARN_UNDECLARED_SELECTOR = YES;
				GCC_WARN_UNINITIALIZED_AUTOS = YES_AGGRESSIVE;
				GCC_WARN_UNUSED_FUNCTION = YES;
				GCC_WARN_UNUSED_VARIABLE = YES;
				IPHONEOS_DEPLOYMENT_TARGET = 16.4;
				MTL_ENABLE_DEBUG_INFO = NO;
				MTL_FAST_MATH = YES;
				SDKROOT = iphoneos;
				SWIFT_COMPILATION_MODE = wholemodule;
				SWIFT_OPTIMIZATION_LEVEL = "-O";
				VALIDATE_PRODUCT = YES;
			};
			name = Release;
		};
		4877861E2B0B29F70091661F /* Debug */ = {
			isa = XCBuildConfiguration;
			buildSettings = {
				ASSETCATALOG_COMPILER_APPICON_NAME = AppIcon;
				ASSETCATALOG_COMPILER_GLOBAL_ACCENT_COLOR_NAME = AccentColor;
				CODE_SIGN_STYLE = Automatic;
				CURRENT_PROJECT_VERSION = 1;
				DEVELOPMENT_TEAM = 2S9WHYP486;
				GENERATE_INFOPLIST_FILE = YES;
				INFOPLIST_FILE = TravelWithMe/Info.plist;
				INFOPLIST_KEY_UIApplicationSupportsIndirectInputEvents = YES;
				INFOPLIST_KEY_UILaunchStoryboardName = LaunchScreen;
				INFOPLIST_KEY_UISupportedInterfaceOrientations_iPad = "UIInterfaceOrientationPortrait UIInterfaceOrientationPortraitUpsideDown UIInterfaceOrientationLandscapeLeft UIInterfaceOrientationLandscapeRight";
				INFOPLIST_KEY_UISupportedInterfaceOrientations_iPhone = "UIInterfaceOrientationPortrait UIInterfaceOrientationLandscapeLeft UIInterfaceOrientationLandscapeRight";
				IPHONEOS_DEPLOYMENT_TARGET = 16.0;
				LD_RUNPATH_SEARCH_PATHS = (
					"$(inherited)",
					"@executable_path/Frameworks",
				);
				MARKETING_VERSION = 1.0;
				PRODUCT_BUNDLE_IDENTIFIER = com.sub.TravelWithMe;
				PRODUCT_NAME = "$(TARGET_NAME)";
				SWIFT_EMIT_LOC_STRINGS = YES;
				SWIFT_VERSION = 5.0;
				TARGETED_DEVICE_FAMILY = "1,2";
			};
			name = Debug;
		};
		4877861F2B0B29F70091661F /* Release */ = {
			isa = XCBuildConfiguration;
			buildSettings = {
				ASSETCATALOG_COMPILER_APPICON_NAME = AppIcon;
				ASSETCATALOG_COMPILER_GLOBAL_ACCENT_COLOR_NAME = AccentColor;
				CODE_SIGN_STYLE = Automatic;
				CURRENT_PROJECT_VERSION = 1;
				DEVELOPMENT_TEAM = 2S9WHYP486;
				GENERATE_INFOPLIST_FILE = YES;
				INFOPLIST_FILE = TravelWithMe/Info.plist;
				INFOPLIST_KEY_UIApplicationSupportsIndirectInputEvents = YES;
				INFOPLIST_KEY_UILaunchStoryboardName = LaunchScreen;
				INFOPLIST_KEY_UISupportedInterfaceOrientations_iPad = "UIInterfaceOrientationPortrait UIInterfaceOrientationPortraitUpsideDown UIInterfaceOrientationLandscapeLeft UIInterfaceOrientationLandscapeRight";
				INFOPLIST_KEY_UISupportedInterfaceOrientations_iPhone = "UIInterfaceOrientationPortrait UIInterfaceOrientationLandscapeLeft UIInterfaceOrientationLandscapeRight";
				IPHONEOS_DEPLOYMENT_TARGET = 16.0;
				LD_RUNPATH_SEARCH_PATHS = (
					"$(inherited)",
					"@executable_path/Frameworks",
				);
				MARKETING_VERSION = 1.0;
				PRODUCT_BUNDLE_IDENTIFIER = com.sub.TravelWithMe;
				PRODUCT_NAME = "$(TARGET_NAME)";
				SWIFT_EMIT_LOC_STRINGS = YES;
				SWIFT_VERSION = 5.0;
				TARGETED_DEVICE_FAMILY = "1,2";
			};
			name = Release;
		};
/* End XCBuildConfiguration section */

/* Begin XCConfigurationList section */
		487786042B0B29F60091661F /* Build configuration list for PBXProject "TravelWithMe" */ = {
			isa = XCConfigurationList;
			buildConfigurations = (
				4877861B2B0B29F70091661F /* Debug */,
				4877861C2B0B29F70091661F /* Release */,
			);
			defaultConfigurationIsVisible = 0;
			defaultConfigurationName = Release;
		};
		4877861D2B0B29F70091661F /* Build configuration list for PBXNativeTarget "TravelWithMe" */ = {
			isa = XCConfigurationList;
			buildConfigurations = (
				4877861E2B0B29F70091661F /* Debug */,
				4877861F2B0B29F70091661F /* Release */,
			);
			defaultConfigurationIsVisible = 0;
			defaultConfigurationName = Release;
		};
/* End XCConfigurationList section */

/* Begin XCRemoteSwiftPackageReference section */
		480442F62B1811D400E5C70B /* XCRemoteSwiftPackageReference "Tabman" */ = {
			isa = XCRemoteSwiftPackageReference;
			repositoryURL = "https://github.com/uias/Tabman.git";
			requirement = {
				kind = upToNextMajorVersion;
				minimumVersion = 3.0.0;
			};
		};
		48405B492B16044E00B3144F /* XCRemoteSwiftPackageReference "Kingfisher" */ = {
			isa = XCRemoteSwiftPackageReference;
			repositoryURL = "https://github.com/onevcat/Kingfisher";
			requirement = {
				kind = upToNextMajorVersion;
				minimumVersion = 7.0.0;
			};
		};
		48405B4C2B16108200B3144F /* XCRemoteSwiftPackageReference "AlamofireImage" */ = {
			isa = XCRemoteSwiftPackageReference;
			repositoryURL = "https://github.com/Alamofire/AlamofireImage.git";
			requirement = {
				kind = upToNextMajorVersion;
				minimumVersion = 4.0.0;
			};
		};
		4847115F2B0DD59A00C68490 /* XCRemoteSwiftPackageReference "Alamofire" */ = {
			isa = XCRemoteSwiftPackageReference;
			repositoryURL = "https://github.com/Alamofire/Alamofire";
			requirement = {
				kind = upToNextMajorVersion;
				minimumVersion = 5.0.0;
			};
		};
		484C85A32B162C360052B247 /* XCRemoteSwiftPackageReference "SkeletonView" */ = {
			isa = XCRemoteSwiftPackageReference;
			repositoryURL = "https://github.com/Juanpe/SkeletonView.git";
			requirement = {
				kind = upToNextMajorVersion;
				minimumVersion = 1.0.0;
			};
		};
		486732402B0C8EA900BC24A4 /* XCRemoteSwiftPackageReference "RxSwift" */ = {
			isa = XCRemoteSwiftPackageReference;
			repositoryURL = "https://github.com/ReactiveX/RxSwift.git";
			requirement = {
				kind = upToNextMajorVersion;
				minimumVersion = 6.0.0;
			};
		};
		486A9FFE2B12BDB100CB5179 /* XCRemoteSwiftPackageReference "FSCalendar" */ = {
			isa = XCRemoteSwiftPackageReference;
			repositoryURL = "https://github.com/WenchaoD/FSCalendar.git";
			requirement = {
				kind = upToNextMajorVersion;
				minimumVersion = 2.0.0;
			};
		};
		4877862E2B0B309F0091661F /* XCRemoteSwiftPackageReference "SnapKit" */ = {
			isa = XCRemoteSwiftPackageReference;
			repositoryURL = "https://github.com/SnapKit/SnapKit";
			requirement = {
				kind = upToNextMajorVersion;
				minimumVersion = 5.0.0;
			};
		};
		48B7CC052B1451FB00AD854F /* XCRemoteSwiftPackageReference "SwiftKeychainWrapper" */ = {
			isa = XCRemoteSwiftPackageReference;
			repositoryURL = "https://github.com/jrendel/SwiftKeychainWrapper";
			requirement = {
				kind = upToNextMajorVersion;
				minimumVersion = 4.0.0;
			};
		};
/* End XCRemoteSwiftPackageReference section */

/* Begin XCSwiftPackageProductDependency section */
		480442F72B1811D400E5C70B /* Tabman */ = {
			isa = XCSwiftPackageProductDependency;
			package = 480442F62B1811D400E5C70B /* XCRemoteSwiftPackageReference "Tabman" */;
			productName = Tabman;
		};
		48405B4A2B16044E00B3144F /* Kingfisher */ = {
			isa = XCSwiftPackageProductDependency;
			package = 48405B492B16044E00B3144F /* XCRemoteSwiftPackageReference "Kingfisher" */;
			productName = Kingfisher;
		};
		48405B4D2B16108200B3144F /* AlamofireImage */ = {
			isa = XCSwiftPackageProductDependency;
			package = 48405B4C2B16108200B3144F /* XCRemoteSwiftPackageReference "AlamofireImage" */;
			productName = AlamofireImage;
		};
		484711602B0DD59A00C68490 /* Alamofire */ = {
			isa = XCSwiftPackageProductDependency;
			package = 4847115F2B0DD59A00C68490 /* XCRemoteSwiftPackageReference "Alamofire" */;
			productName = Alamofire;
		};
		484C85A42B162C360052B247 /* SkeletonView */ = {
			isa = XCSwiftPackageProductDependency;
			package = 484C85A32B162C360052B247 /* XCRemoteSwiftPackageReference "SkeletonView" */;
			productName = SkeletonView;
		};
		486732412B0C8EA900BC24A4 /* RxCocoa */ = {
			isa = XCSwiftPackageProductDependency;
			package = 486732402B0C8EA900BC24A4 /* XCRemoteSwiftPackageReference "RxSwift" */;
			productName = RxCocoa;
		};
		486732432B0C8EA900BC24A4 /* RxSwift */ = {
			isa = XCSwiftPackageProductDependency;
			package = 486732402B0C8EA900BC24A4 /* XCRemoteSwiftPackageReference "RxSwift" */;
			productName = RxSwift;
		};
		486A9FFF2B12BDB100CB5179 /* FSCalendar */ = {
			isa = XCSwiftPackageProductDependency;
			package = 486A9FFE2B12BDB100CB5179 /* XCRemoteSwiftPackageReference "FSCalendar" */;
			productName = FSCalendar;
		};
		4877862F2B0B309F0091661F /* SnapKit */ = {
			isa = XCSwiftPackageProductDependency;
			package = 4877862E2B0B309F0091661F /* XCRemoteSwiftPackageReference "SnapKit" */;
			productName = SnapKit;
		};
		48B7CC062B1451FB00AD854F /* SwiftKeychainWrapper */ = {
			isa = XCSwiftPackageProductDependency;
			package = 48B7CC052B1451FB00AD854F /* XCRemoteSwiftPackageReference "SwiftKeychainWrapper" */;
			productName = SwiftKeychainWrapper;
		};
/* End XCSwiftPackageProductDependency section */
	};
	rootObject = 487786012B0B29F60091661F /* Project object */;
}
